
Microsoft Visual Studio Solution File, Format Version 12.00
# Visual Studio Version 17
VisualStudioVersion = 17.0.31903.59
MinimumVisualStudioVersion = 10.0.40219.1
Project("{2150E333-8FDC-42A3-9474-1A3956D46DE8}") = "Source", "Source", "{AD673DEA-D1D9-4140-9608-D6AA08480F79}"
EndProject
Project("{2150E333-8FDC-42A3-9474-1A3956D46DE8}") = "Blog", "Blog", "{4BC34E3E-34E7-4056-84E8-8AE48791E27A}"
EndProject
Project("{2150E333-8FDC-42A3-9474-1A3956D46DE8}") = "00-Building Blocks", "00-Building Blocks", "{33051CF2-3B40-4A94-899F-A00001E1D2A8}"
EndProject
Project("{2150E333-8FDC-42A3-9474-1A3956D46DE8}") = "Identidade", "Identidade", "{E06BD2DE-F02A-43F6-B441-212B0526ABA2}"
EndProject
Project("{2150E333-8FDC-42A3-9474-1A3956D46DE8}") = "WebApps", "WebApps", "{F82A7738-0A67-48FB-8ADB-47322FE78250}"
EndProject
Project("{2150E333-8FDC-42A3-9474-1A3956D46DE8}") = "1-Application", "1-Application", "{EC450193-9B0D-4B78-BF0F-88264EABD6E3}"
EndProject
Project("{2150E333-8FDC-42A3-9474-1A3956D46DE8}") = "2-Services", "2-Services", "{19F0F35A-FE0F-4A6F-86EE-3F3947486CB2}"
EndProject
Project("{2150E333-8FDC-42A3-9474-1A3956D46DE8}") = "3-Domain", "3-Domain", "{A9FB7993-6970-49AC-A88D-47B6F5297F9B}"
EndProject
Project("{2150E333-8FDC-42A3-9474-1A3956D46DE8}") = "4-Infra", "4-Infra", "{E58E2875-131D-424F-A0FF-E655C15D6E7E}"
EndProject
Project("{2150E333-8FDC-42A3-9474-1A3956D46DE8}") = "5-Tests", "5-Tests", "{7DC1FE10-C271-4050-B055-034B8FE03B61}"
EndProject
Project("{2150E333-8FDC-42A3-9474-1A3956D46DE8}") = "1-Application", "1-Application", "{F73912F2-142B-4DEC-8D4F-19DF340854FA}"
EndProject
Project("{2150E333-8FDC-42A3-9474-1A3956D46DE8}") = "2-Services", "2-Services", "{D0CA3166-3FD7-4B5F-BF6B-740CD333429D}"
EndProject
Project("{2150E333-8FDC-42A3-9474-1A3956D46DE8}") = "3-Domain", "3-Domain", "{A2A3EF0A-5897-408A-A832-B078328EE17E}"
EndProject
Project("{2150E333-8FDC-42A3-9474-1A3956D46DE8}") = "4-Infra", "4-Infra", "{BDAF524C-BA95-4FBC-A657-43D0BBAA2744}"
EndProject
Project("{2150E333-8FDC-42A3-9474-1A3956D46DE8}") = "5-Tests", "5-Tests", "{A31485FB-09F5-49D7-890D-7EE79BDA6FA4}"
EndProject
Project("{2150E333-8FDC-42A3-9474-1A3956D46DE8}") = "Core", "Core", "{5A489B45-F5FA-4330-B302-FD53E104E4F1}"
EndProject
Project("{9A19103F-16F7-4668-BE54-9A1E7A4F7556}") = "GameZone.Blog.API", "Source\Blog\0-Presentation\API\GameZone.Blog.API\GameZone.Blog.API.csproj", "{081396E2-C4CE-4363-BBB2-C72766F18E46}"
EndProject
Project("{9A19103F-16F7-4668-BE54-9A1E7A4F7556}") = "GameZone.Blog.Application", "Source\Blog\1-Application\GameZone.Blog.Application\GameZone.Blog.Application.csproj", "{AFF8598F-7588-4704-A9E9-A4AF401B8894}"
EndProject
Project("{9A19103F-16F7-4668-BE54-9A1E7A4F7556}") = "GameZone.Blog.Services", "Source\Blog\2-Services\GameZone.Blog.Services\GameZone.Blog.Services.csproj", "{4517C357-568D-4E6D-8E47-8D8A46955535}"
EndProject
Project("{9A19103F-16F7-4668-BE54-9A1E7A4F7556}") = "GameZone.Blog.Domain", "Source\Blog\3-Domain\GameZone.Blog.Domain\GameZone.Blog.Domain.csproj", "{3BD645EB-9EAC-465E-80A9-6EE28069C65D}"
EndProject
Project("{9A19103F-16F7-4668-BE54-9A1E7A4F7556}") = "GameZone.Blog.Infra", "Source\Blog\4-Infra\GameZone.Blog.Infra\GameZone.Blog.Infra.csproj", "{BA5927CB-2296-4689-8BB3-89F0C4264B2A}"
EndProject
Project("{9A19103F-16F7-4668-BE54-9A1E7A4F7556}") = "GameZone.Blog.Tests.Api", "Source\Blog\5-Tests\GameZone.Blog.Tests.Api\GameZone.Blog.Tests.Api.csproj", "{3FD95436-7C7D-4688-8ABB-631E522B7347}"
EndProject
Project("{9A19103F-16F7-4668-BE54-9A1E7A4F7556}") = "GameZone.Blog.Tests.Application", "Source\Blog\5-Tests\GameZone.Blog.Tests.Application\GameZone.Blog.Tests.Application.csproj", "{DD9C0D31-5B25-443F-8EEF-58FC9F28CDDE}"
EndProject
Project("{9A19103F-16F7-4668-BE54-9A1E7A4F7556}") = "GameZone.Blog.Tests.Services", "Source\Blog\5-Tests\GameZone.Blog.Tests.Services\GameZone.Blog.Tests.Services.csproj", "{CEBA5202-430A-4E3F-95B5-22DC5D019877}"
EndProject
Project("{9A19103F-16F7-4668-BE54-9A1E7A4F7556}") = "GameZone.Blog.Tests.Domain", "Source\Blog\5-Tests\GameZone.Blog.Tests.Domain\GameZone.Blog.Tests.Domain.csproj", "{3EC72E31-60DB-44A1-816B-5299C440EC02}"
EndProject
Project("{9A19103F-16F7-4668-BE54-9A1E7A4F7556}") = "GameZone.Blog.Tests.Infra", "Source\Blog\5-Tests\GameZone.Blog.Tests.Infra\GameZone.Blog.Tests.Infra.csproj", "{A8142E0D-3B94-4C3D-95E7-4CED7D9BF585}"
EndProject
Project("{9A19103F-16F7-4668-BE54-9A1E7A4F7556}") = "GameZone.WebAPI.Core", "Source\00-Building Blocks\WebAPI.Core\GameZone.WebAPI.Core\GameZone.WebAPI.Core.csproj", "{687E6C6E-3712-46EC-A690-9D7AEC663A1A}"
EndProject
Project("{2150E333-8FDC-42A3-9474-1A3956D46DE8}") = "Services", "Services", "{03C007B6-4D54-4716-B7E2-6B5CE039359E}"
EndProject
Project("{9A19103F-16F7-4668-BE54-9A1E7A4F7556}") = "GameZone.Core", "Source\00-Building Blocks\Core\GameZone.Core\GameZone.Core.csproj", "{41D9FAFD-52E6-424E-BE74-3E32D8756A1E}"
EndProject
Project("{9A19103F-16F7-4668-BE54-9A1E7A4F7556}") = "GameZone.Identidade.API", "Source\Identidade\0-Presentation\API\GameZone.Identidade.API\GameZone.Identidade.API.csproj", "{18DF1715-8AB4-49E3-865D-678D55D18333}"
EndProject
Project("{9A19103F-16F7-4668-BE54-9A1E7A4F7556}") = "GameZone.Identidade.Application", "Source\Identidade\1-Application\GameZone.Identidade.Application\GameZone.Identidade.Application.csproj", "{0291B570-2CB4-49A3-ACEE-409BBEFC8B7D}"
EndProject
Project("{9A19103F-16F7-4668-BE54-9A1E7A4F7556}") = "GameZone.Identidade.Services", "Source\Identidade\2-Services\GameZone.Identidade.Services\GameZone.Identidade.Services.csproj", "{EB7D26E6-8D5B-4652-A3E2-174A81880B9A}"
EndProject
Project("{9A19103F-16F7-4668-BE54-9A1E7A4F7556}") = "GameZone.Identidade.Domain", "Source\Identidade\3-Domain\GameZone.Identidade.Domain\GameZone.Identidade.Domain.csproj", "{78B3E014-61F3-49FE-B717-A27D24DB3BB5}"
EndProject
Project("{9A19103F-16F7-4668-BE54-9A1E7A4F7556}") = "GameZone.Identidade.Infra", "Source\Identidade\4-Infra\GameZone.Identidade.Infra\GameZone.Identidade.Infra.csproj", "{0D33D00F-AA13-4AE2-8ED4-3D1EFD562599}"
EndProject
Project("{9A19103F-16F7-4668-BE54-9A1E7A4F7556}") = "GameZone.News.WebApp", "Source\WebApps\GameZone.News.WebApp\GameZone.News.WebApp.csproj", "{B948FCC1-37C1-4865-94CD-E96EA9A2B5CC}"
EndProject
Project("{9A19103F-16F7-4668-BE54-9A1E7A4F7556}") = "GameZone.WebApp", "Source\WebApps\GameZone.WebApp\GameZone.WebApp.csproj", "{620E3D74-BA7A-48E3-91C8-1DE6C6E08161}"
EndProject
Project("{2150E333-8FDC-42A3-9474-1A3956D46DE8}") = "0-Presentation", "0-Presentation", "{BA32D982-5B5C-421E-A705-0CF28A3B2B2F}"
EndProject
Project("{2150E333-8FDC-42A3-9474-1A3956D46DE8}") = "API", "API", "{F1344E60-0941-4F3C-BC48-E6E430C08D98}"
EndProject
Project("{2150E333-8FDC-42A3-9474-1A3956D46DE8}") = "0-Presentation", "0-Presentation", "{B2A30FBC-7FDB-4834-AD3D-D1DF14F0482F}"
EndProject
Project("{2150E333-8FDC-42A3-9474-1A3956D46DE8}") = "API", "API", "{33471442-F308-4321-89EA-F937F7FE6CBF}"
EndProject
Global
	GlobalSection(SolutionConfigurationPlatforms) = preSolution
		Debug|Any CPU = Debug|Any CPU
		Release|Any CPU = Release|Any CPU
	EndGlobalSection
	GlobalSection(ProjectConfigurationPlatforms) = postSolution
		{081396E2-C4CE-4363-BBB2-C72766F18E46}.Debug|Any CPU.ActiveCfg = Debug|Any CPU
		{081396E2-C4CE-4363-BBB2-C72766F18E46}.Debug|Any CPU.Build.0 = Debug|Any CPU
		{081396E2-C4CE-4363-BBB2-C72766F18E46}.Release|Any CPU.ActiveCfg = Release|Any CPU
		{081396E2-C4CE-4363-BBB2-C72766F18E46}.Release|Any CPU.Build.0 = Release|Any CPU
		{AFF8598F-7588-4704-A9E9-A4AF401B8894}.Debug|Any CPU.ActiveCfg = Debug|Any CPU
		{AFF8598F-7588-4704-A9E9-A4AF401B8894}.Debug|Any CPU.Build.0 = Debug|Any CPU
		{AFF8598F-7588-4704-A9E9-A4AF401B8894}.Release|Any CPU.ActiveCfg = Release|Any CPU
		{AFF8598F-7588-4704-A9E9-A4AF401B8894}.Release|Any CPU.Build.0 = Release|Any CPU
		{4517C357-568D-4E6D-8E47-8D8A46955535}.Debug|Any CPU.ActiveCfg = Debug|Any CPU
		{4517C357-568D-4E6D-8E47-8D8A46955535}.Debug|Any CPU.Build.0 = Debug|Any CPU
		{4517C357-568D-4E6D-8E47-8D8A46955535}.Release|Any CPU.ActiveCfg = Release|Any CPU
		{4517C357-568D-4E6D-8E47-8D8A46955535}.Release|Any CPU.Build.0 = Release|Any CPU
		{3BD645EB-9EAC-465E-80A9-6EE28069C65D}.Debug|Any CPU.ActiveCfg = Debug|Any CPU
		{3BD645EB-9EAC-465E-80A9-6EE28069C65D}.Debug|Any CPU.Build.0 = Debug|Any CPU
		{3BD645EB-9EAC-465E-80A9-6EE28069C65D}.Release|Any CPU.ActiveCfg = Release|Any CPU
		{3BD645EB-9EAC-465E-80A9-6EE28069C65D}.Release|Any CPU.Build.0 = Release|Any CPU
		{BA5927CB-2296-4689-8BB3-89F0C4264B2A}.Debug|Any CPU.ActiveCfg = Debug|Any CPU
		{BA5927CB-2296-4689-8BB3-89F0C4264B2A}.Debug|Any CPU.Build.0 = Debug|Any CPU
		{BA5927CB-2296-4689-8BB3-89F0C4264B2A}.Release|Any CPU.ActiveCfg = Release|Any CPU
		{BA5927CB-2296-4689-8BB3-89F0C4264B2A}.Release|Any CPU.Build.0 = Release|Any CPU
		{3FD95436-7C7D-4688-8ABB-631E522B7347}.Debug|Any CPU.ActiveCfg = Debug|Any CPU
		{3FD95436-7C7D-4688-8ABB-631E522B7347}.Debug|Any CPU.Build.0 = Debug|Any CPU
		{3FD95436-7C7D-4688-8ABB-631E522B7347}.Release|Any CPU.ActiveCfg = Release|Any CPU
		{3FD95436-7C7D-4688-8ABB-631E522B7347}.Release|Any CPU.Build.0 = Release|Any CPU
		{DD9C0D31-5B25-443F-8EEF-58FC9F28CDDE}.Debug|Any CPU.ActiveCfg = Debug|Any CPU
		{DD9C0D31-5B25-443F-8EEF-58FC9F28CDDE}.Debug|Any CPU.Build.0 = Debug|Any CPU
		{DD9C0D31-5B25-443F-8EEF-58FC9F28CDDE}.Release|Any CPU.ActiveCfg = Release|Any CPU
		{DD9C0D31-5B25-443F-8EEF-58FC9F28CDDE}.Release|Any CPU.Build.0 = Release|Any CPU
		{CEBA5202-430A-4E3F-95B5-22DC5D019877}.Debug|Any CPU.ActiveCfg = Debug|Any CPU
		{CEBA5202-430A-4E3F-95B5-22DC5D019877}.Debug|Any CPU.Build.0 = Debug|Any CPU
		{CEBA5202-430A-4E3F-95B5-22DC5D019877}.Release|Any CPU.ActiveCfg = Release|Any CPU
		{CEBA5202-430A-4E3F-95B5-22DC5D019877}.Release|Any CPU.Build.0 = Release|Any CPU
		{3EC72E31-60DB-44A1-816B-5299C440EC02}.Debug|Any CPU.ActiveCfg = Debug|Any CPU
		{3EC72E31-60DB-44A1-816B-5299C440EC02}.Debug|Any CPU.Build.0 = Debug|Any CPU
		{3EC72E31-60DB-44A1-816B-5299C440EC02}.Release|Any CPU.ActiveCfg = Release|Any CPU
		{3EC72E31-60DB-44A1-816B-5299C440EC02}.Release|Any CPU.Build.0 = Release|Any CPU
		{A8142E0D-3B94-4C3D-95E7-4CED7D9BF585}.Debug|Any CPU.ActiveCfg = Debug|Any CPU
		{A8142E0D-3B94-4C3D-95E7-4CED7D9BF585}.Debug|Any CPU.Build.0 = Debug|Any CPU
		{A8142E0D-3B94-4C3D-95E7-4CED7D9BF585}.Release|Any CPU.ActiveCfg = Release|Any CPU
		{A8142E0D-3B94-4C3D-95E7-4CED7D9BF585}.Release|Any CPU.Build.0 = Release|Any CPU
		{687E6C6E-3712-46EC-A690-9D7AEC663A1A}.Debug|Any CPU.ActiveCfg = Debug|Any CPU
		{687E6C6E-3712-46EC-A690-9D7AEC663A1A}.Debug|Any CPU.Build.0 = Debug|Any CPU
		{687E6C6E-3712-46EC-A690-9D7AEC663A1A}.Release|Any CPU.ActiveCfg = Release|Any CPU
		{687E6C6E-3712-46EC-A690-9D7AEC663A1A}.Release|Any CPU.Build.0 = Release|Any CPU
		{41D9FAFD-52E6-424E-BE74-3E32D8756A1E}.Debug|Any CPU.ActiveCfg = Debug|Any CPU
		{41D9FAFD-52E6-424E-BE74-3E32D8756A1E}.Debug|Any CPU.Build.0 = Debug|Any CPU
		{41D9FAFD-52E6-424E-BE74-3E32D8756A1E}.Release|Any CPU.ActiveCfg = Release|Any CPU
		{41D9FAFD-52E6-424E-BE74-3E32D8756A1E}.Release|Any CPU.Build.0 = Release|Any CPU
		{18DF1715-8AB4-49E3-865D-678D55D18333}.Debug|Any CPU.ActiveCfg = Debug|Any CPU
		{18DF1715-8AB4-49E3-865D-678D55D18333}.Debug|Any CPU.Build.0 = Debug|Any CPU
		{18DF1715-8AB4-49E3-865D-678D55D18333}.Release|Any CPU.ActiveCfg = Release|Any CPU
		{18DF1715-8AB4-49E3-865D-678D55D18333}.Release|Any CPU.Build.0 = Release|Any CPU
		{0291B570-2CB4-49A3-ACEE-409BBEFC8B7D}.Debug|Any CPU.ActiveCfg = Debug|Any CPU
		{0291B570-2CB4-49A3-ACEE-409BBEFC8B7D}.Debug|Any CPU.Build.0 = Debug|Any CPU
		{0291B570-2CB4-49A3-ACEE-409BBEFC8B7D}.Release|Any CPU.ActiveCfg = Release|Any CPU
		{0291B570-2CB4-49A3-ACEE-409BBEFC8B7D}.Release|Any CPU.Build.0 = Release|Any CPU
		{EB7D26E6-8D5B-4652-A3E2-174A81880B9A}.Debug|Any CPU.ActiveCfg = Debug|Any CPU
		{EB7D26E6-8D5B-4652-A3E2-174A81880B9A}.Debug|Any CPU.Build.0 = Debug|Any CPU
		{EB7D26E6-8D5B-4652-A3E2-174A81880B9A}.Release|Any CPU.ActiveCfg = Release|Any CPU
		{EB7D26E6-8D5B-4652-A3E2-174A81880B9A}.Release|Any CPU.Build.0 = Release|Any CPU
		{78B3E014-61F3-49FE-B717-A27D24DB3BB5}.Debug|Any CPU.ActiveCfg = Debug|Any CPU
		{78B3E014-61F3-49FE-B717-A27D24DB3BB5}.Debug|Any CPU.Build.0 = Debug|Any CPU
		{78B3E014-61F3-49FE-B717-A27D24DB3BB5}.Release|Any CPU.ActiveCfg = Release|Any CPU
		{78B3E014-61F3-49FE-B717-A27D24DB3BB5}.Release|Any CPU.Build.0 = Release|Any CPU
		{0D33D00F-AA13-4AE2-8ED4-3D1EFD562599}.Debug|Any CPU.ActiveCfg = Debug|Any CPU
		{0D33D00F-AA13-4AE2-8ED4-3D1EFD562599}.Debug|Any CPU.Build.0 = Debug|Any CPU
		{0D33D00F-AA13-4AE2-8ED4-3D1EFD562599}.Release|Any CPU.ActiveCfg = Release|Any CPU
		{0D33D00F-AA13-4AE2-8ED4-3D1EFD562599}.Release|Any CPU.Build.0 = Release|Any CPU
		{B948FCC1-37C1-4865-94CD-E96EA9A2B5CC}.Debug|Any CPU.ActiveCfg = Debug|Any CPU
		{B948FCC1-37C1-4865-94CD-E96EA9A2B5CC}.Debug|Any CPU.Build.0 = Debug|Any CPU
		{B948FCC1-37C1-4865-94CD-E96EA9A2B5CC}.Release|Any CPU.ActiveCfg = Release|Any CPU
		{B948FCC1-37C1-4865-94CD-E96EA9A2B5CC}.Release|Any CPU.Build.0 = Release|Any CPU
		{620E3D74-BA7A-48E3-91C8-1DE6C6E08161}.Debug|Any CPU.ActiveCfg = Debug|Any CPU
		{620E3D74-BA7A-48E3-91C8-1DE6C6E08161}.Debug|Any CPU.Build.0 = Debug|Any CPU
		{620E3D74-BA7A-48E3-91C8-1DE6C6E08161}.Release|Any CPU.ActiveCfg = Release|Any CPU
		{620E3D74-BA7A-48E3-91C8-1DE6C6E08161}.Release|Any CPU.Build.0 = Release|Any CPU
	EndGlobalSection
	GlobalSection(SolutionProperties) = preSolution
		HideSolutionNode = FALSE
	EndGlobalSection
	GlobalSection(NestedProjects) = preSolution
		{4BC34E3E-34E7-4056-84E8-8AE48791E27A} = {AD673DEA-D1D9-4140-9608-D6AA08480F79}
		{33051CF2-3B40-4A94-899F-A00001E1D2A8} = {AD673DEA-D1D9-4140-9608-D6AA08480F79}
		{E06BD2DE-F02A-43F6-B441-212B0526ABA2} = {AD673DEA-D1D9-4140-9608-D6AA08480F79}
		{F82A7738-0A67-48FB-8ADB-47322FE78250} = {AD673DEA-D1D9-4140-9608-D6AA08480F79}
		{EC450193-9B0D-4B78-BF0F-88264EABD6E3} = {4BC34E3E-34E7-4056-84E8-8AE48791E27A}
		{19F0F35A-FE0F-4A6F-86EE-3F3947486CB2} = {4BC34E3E-34E7-4056-84E8-8AE48791E27A}
		{A9FB7993-6970-49AC-A88D-47B6F5297F9B} = {4BC34E3E-34E7-4056-84E8-8AE48791E27A}
		{E58E2875-131D-424F-A0FF-E655C15D6E7E} = {4BC34E3E-34E7-4056-84E8-8AE48791E27A}
		{7DC1FE10-C271-4050-B055-034B8FE03B61} = {4BC34E3E-34E7-4056-84E8-8AE48791E27A}
		{F73912F2-142B-4DEC-8D4F-19DF340854FA} = {E06BD2DE-F02A-43F6-B441-212B0526ABA2}
		{D0CA3166-3FD7-4B5F-BF6B-740CD333429D} = {E06BD2DE-F02A-43F6-B441-212B0526ABA2}
		{A2A3EF0A-5897-408A-A832-B078328EE17E} = {E06BD2DE-F02A-43F6-B441-212B0526ABA2}
		{BDAF524C-BA95-4FBC-A657-43D0BBAA2744} = {E06BD2DE-F02A-43F6-B441-212B0526ABA2}
		{A31485FB-09F5-49D7-890D-7EE79BDA6FA4} = {E06BD2DE-F02A-43F6-B441-212B0526ABA2}
		{5A489B45-F5FA-4330-B302-FD53E104E4F1} = {33051CF2-3B40-4A94-899F-A00001E1D2A8}
		{081396E2-C4CE-4363-BBB2-C72766F18E46} = {F1344E60-0941-4F3C-BC48-E6E430C08D98}
		{AFF8598F-7588-4704-A9E9-A4AF401B8894} = {EC450193-9B0D-4B78-BF0F-88264EABD6E3}
		{4517C357-568D-4E6D-8E47-8D8A46955535} = {19F0F35A-FE0F-4A6F-86EE-3F3947486CB2}
		{3BD645EB-9EAC-465E-80A9-6EE28069C65D} = {A9FB7993-6970-49AC-A88D-47B6F5297F9B}
		{BA5927CB-2296-4689-8BB3-89F0C4264B2A} = {E58E2875-131D-424F-A0FF-E655C15D6E7E}
		{3FD95436-7C7D-4688-8ABB-631E522B7347} = {7DC1FE10-C271-4050-B055-034B8FE03B61}
		{DD9C0D31-5B25-443F-8EEF-58FC9F28CDDE} = {7DC1FE10-C271-4050-B055-034B8FE03B61}
		{CEBA5202-430A-4E3F-95B5-22DC5D019877} = {7DC1FE10-C271-4050-B055-034B8FE03B61}
		{3EC72E31-60DB-44A1-816B-5299C440EC02} = {7DC1FE10-C271-4050-B055-034B8FE03B61}
		{A8142E0D-3B94-4C3D-95E7-4CED7D9BF585} = {7DC1FE10-C271-4050-B055-034B8FE03B61}
		{687E6C6E-3712-46EC-A690-9D7AEC663A1A} = {03C007B6-4D54-4716-B7E2-6B5CE039359E}
		{03C007B6-4D54-4716-B7E2-6B5CE039359E} = {33051CF2-3B40-4A94-899F-A00001E1D2A8}
		{41D9FAFD-52E6-424E-BE74-3E32D8756A1E} = {5A489B45-F5FA-4330-B302-FD53E104E4F1}
		{18DF1715-8AB4-49E3-865D-678D55D18333} = {33471442-F308-4321-89EA-F937F7FE6CBF}
		{0291B570-2CB4-49A3-ACEE-409BBEFC8B7D} = {F73912F2-142B-4DEC-8D4F-19DF340854FA}
		{EB7D26E6-8D5B-4652-A3E2-174A81880B9A} = {D0CA3166-3FD7-4B5F-BF6B-740CD333429D}
		{78B3E014-61F3-49FE-B717-A27D24DB3BB5} = {A2A3EF0A-5897-408A-A832-B078328EE17E}
		{0D33D00F-AA13-4AE2-8ED4-3D1EFD562599} = {BDAF524C-BA95-4FBC-A657-43D0BBAA2744}
		{B948FCC1-37C1-4865-94CD-E96EA9A2B5CC} = {F82A7738-0A67-48FB-8ADB-47322FE78250}
		{620E3D74-BA7A-48E3-91C8-1DE6C6E08161} = {F82A7738-0A67-48FB-8ADB-47322FE78250}
		{BA32D982-5B5C-421E-A705-0CF28A3B2B2F} = {4BC34E3E-34E7-4056-84E8-8AE48791E27A}
		{F1344E60-0941-4F3C-BC48-E6E430C08D98} = {BA32D982-5B5C-421E-A705-0CF28A3B2B2F}
		{B2A30FBC-7FDB-4834-AD3D-D1DF14F0482F} = {E06BD2DE-F02A-43F6-B441-212B0526ABA2}
		{33471442-F308-4321-89EA-F937F7FE6CBF} = {B2A30FBC-7FDB-4834-AD3D-D1DF14F0482F}
	EndGlobalSection
	GlobalSection(ExtensibilityGlobals) = postSolution
		SolutionGuid = {6615AFBF-AF46-4C2C-BAFC-CB72D4909AB3}
	EndGlobalSection
EndGlobal
